{
  "requires": true,
  "lockfileVersion": 1,
  "dependencies": {
    "angular": {
      "version": "1.7.2",
      "resolved": "http://registry.npm.taobao.org/angular/download/angular-1.7.2.tgz",
      "integrity": "sha1-aHuVXb5cUz+Nc0YEYXB68ANgJR8="
    },
    "todomvc-app-css": {
      "version": "2.1.2",
      "resolved": "http://registry.npm.taobao.org/todomvc-app-css/download/todomvc-app-css-2.1.2.tgz",
      "integrity": "sha1-9kTBMIulG5g0Nkl+MPOr6WHKnGI="
    }
  }
}
